
Microsoft Visual Studio Solution File, Format Version 12.00
# Visual Studio Version 17
VisualStudioVersion = 17.11.35222.181
MinimumVisualStudioVersion = 10.0.40219.1
Project("{FAE04EC0-301F-11D3-BF4B-00C04F79EFBC}") = "uppProject", "uppProject\uppProject.csproj", "{5DADF0AC-1762-416E-94B6-C8E80C624789}"
EndProject
Global
	GlobalSection(SolutionConfigurationPlatforms) = preSolution
		Debug|Any CPU = Debug|Any CPU
		Release|Any CPU = Release|Any CPU
	EndGlobalSection
	GlobalSection(ProjectConfigurationPlatforms) = postSolution
		{5DADF0AC-1762-416E-94B6-C8E80C624789}.Debug|Any CPU.ActiveCfg = Debug|Any CPU
		{5DADF0AC-1762-416E-94B6-C8E80C624789}.Debug|Any CPU.Build.0 = Debug|Any CPU
		{5DADF0AC-1762-416E-94B6-C8E80C624789}.Release|Any CPU.ActiveCfg = Release|Any CPU
		{5DADF0AC-1762-416E-94B6-C8E80C624789}.Release|Any CPU.Build.0 = Release|Any CPU
	EndGlobalSection
	GlobalSection(SolutionProperties) = preSolution
		HideSolutionNode = FALSE
	EndGlobalSection
	GlobalSection(ExtensibilityGlobals) = postSolution
		SolutionGuid = {2CB1858B-25AB-4E73-89F6-5BE101F85C42}
	EndGlobalSection
EndGlobal
